
Microsoft Visual Studio Solution File, Format Version 12.00
# Visual Studio Version 16
VisualStudioVersion = 16.0.31205.134
MinimumVisualStudioVersion = 10.0.40219.1
Project("{FAE04EC0-301F-11D3-BF4B-00C04F79EFBC}") = "Tidsreg Api", "Tidsreg Api\Tidsreg Api.csproj", "{F367B175-E4FB-4908-861F-5D9CAB87A81F}"
EndProject
Global
	GlobalSection(SolutionConfigurationPlatforms) = preSolution
		Debug|Any CPU = Debug|Any CPU
		Release|Any CPU = Release|Any CPU
	EndGlobalSection
	GlobalSection(ProjectConfigurationPlatforms) = postSolution
		{F367B175-E4FB-4908-861F-5D9CAB87A81F}.Debug|Any CPU.ActiveCfg = Debug|Any CPU
		{F367B175-E4FB-4908-861F-5D9CAB87A81F}.Debug|Any CPU.Build.0 = Debug|Any CPU
		{F367B175-E4FB-4908-861F-5D9CAB87A81F}.Release|Any CPU.ActiveCfg = Release|Any CPU
		{F367B175-E4FB-4908-861F-5D9CAB87A81F}.Release|Any CPU.Build.0 = Release|Any CPU
	EndGlobalSection
	GlobalSection(SolutionProperties) = preSolution
		HideSolutionNode = FALSE
	EndGlobalSection
	GlobalSection(ExtensibilityGlobals) = postSolution
		SolutionGuid = {C89DB634-8917-416C-842C-6426F3E807BB}
	EndGlobalSection
EndGlobal
